// !$*UTF8*$!
{
	archiveVersion = 1;
	classes = {
	};
	objectVersion = 46;
	objects = {

/* Begin PBXBuildFile section */
		05263DE51B987D7400DAC90E /* main.m in Sources */ = {isa = PBXBuildFile; fileRef = 05263DE41B987D7400DAC90E /* main.m */; };
		05263DE81B987D7400DAC90E /* AppDelegate.m in Sources */ = {isa = PBXBuildFile; fileRef = 05263DE71B987D7400DAC90E /* AppDelegate.m */; };
		05263DEB1B987D7400DAC90E /* ViewController.m in Sources */ = {isa = PBXBuildFile; fileRef = 05263DEA1B987D7400DAC90E /* ViewController.m */; };
		05263DEE1B987D7400DAC90E /* Main.storyboard in Resources */ = {isa = PBXBuildFile; fileRef = 05263DEC1B987D7400DAC90E /* Main.storyboard */; };
		05263DF01B987D7400DAC90E /* Images.xcassets in Resources */ = {isa = PBXBuildFile; fileRef = 05263DEF1B987D7400DAC90E /* Images.xcassets */; };
		05263DF31B987D7400DAC90E /* LaunchScreen.xib in Resources */ = {isa = PBXBuildFile; fileRef = 05263DF11B987D7400DAC90E /* LaunchScreen.xib */; };
		05263DFF1B987D7400DAC90E /* KVC_CollectionTests.m in Sources */ = {isa = PBXBuildFile; fileRef = 05263DFE1B987D7400DAC90E /* KVC_CollectionTests.m */; };
		05263E0A1B987DAA00DAC90E /* TwoTimesArray.m in Sources */ = {isa = PBXBuildFile; fileRef = 05263E091B987DAA00DAC90E /* TwoTimesArray.m */; };
		05263E0D1B98827700DAC90E /* KVCTableViewController.m in Sources */ = {isa = PBXBuildFile; fileRef = 05263E0C1B98827700DAC90E /* KVCTableViewController.m */; };
/* End PBXBuildFile section */

/* Begin PBXContainerItemProxy section */
		05263DF91B987D7400DAC90E /* PBXContainerItemProxy */ = {
			isa = PBXContainerItemProxy;
			containerPortal = 05263DD71B987D7400DAC90E /* Project object */;
			proxyType = 1;
			remoteGlobalIDString = 05263DDE1B987D7400DAC90E;
			remoteInfo = "KVC-Collection";
		};
/* End PBXContainerItemProxy section */

/* Begin PBXFileReference section */
		05263DDF1B987D7400DAC90E /* KVC-Collection.app */ = {isa = PBXFileReference; explicitFileType = wrapper.application; includeInIndex = 0; path = "KVC-Collection.app"; sourceTree = BUILT_PRODUCTS_DIR; };
		05263DE31B987D7400DAC90E /* Info.plist */ = {isa = PBXFileReference; lastKnownFileType = text.plist.xml; path = Info.plist; sourceTree = "<group>"; };
		05263DE41B987D7400DAC90E /* main.m */ = {isa = PBXFileReference; lastKnownFileType = sourcecode.c.objc; path = main.m; sourceTree = "<group>"; };
		05263DE61B987D7400DAC90E /* AppDelegate.h */ = {isa = PBXFileReference; lastKnownFileType = sourcecode.c.h; path = AppDelegate.h; sourceTree = "<group>"; };
		05263DE71B987D7400DAC90E /* AppDelegate.m */ = {isa = PBXFileReference; lastKnownFileType = sourcecode.c.objc; path = AppDelegate.m; sourceTree = "<group>"; };
		05263DE91B987D7400DAC90E /* ViewController.h */ = {isa = PBXFileReference; lastKnownFileType = sourcecode.c.h; path = ViewController.h; sourceTree = "<group>"; };
		05263DEA1B987D7400DAC90E /* ViewController.m */ = {isa = PBXFileReference; lastKnownFileType = sourcecode.c.objc; path = ViewController.m; sourceTree = "<group>"; };
		05263DED1B987D7400DAC90E /* Base */ = {isa = PBXFileReference; lastKnownFileType = file.storyboard; name = Base; path = Base.lproj/Main.storyboard; sourceTree = "<group>"; };
		05263DEF1B987D7400DAC90E /* Images.xcassets */ = {isa = PBXFileReference; lastKnownFileType = folder.assetcatalog; path = Images.xcassets; sourceTree = "<group>"; };
		05263DF21B987D7400DAC90E /* Base */ = {isa = PBXFileReference; lastKnownFileType = file.xib; name = Base; path = Base.lproj/LaunchScreen.xib; sourceTree = "<group>"; };
		05263DF81B987D7400DAC90E /* KVC-CollectionTests.xctest */ = {isa = PBXFileReference; explicitFileType = wrapper.cfbundle; includeInIndex = 0; path = "KVC-CollectionTests.xctest"; sourceTree = BUILT_PRODUCTS_DIR; };
		05263DFD1B987D7400DAC90E /* Info.plist */ = {isa = PBXFileReference; lastKnownFileType = text.plist.xml; path = Info.plist; sourceTree = "<group>"; };
		05263DFE1B987D7400DAC90E /* KVC_CollectionTests.m */ = {isa = PBXFileReference; lastKnownFileType = sourcecode.c.objc; path = KVC_CollectionTests.m; sourceTree = "<group>"; };
		05263E081B987DAA00DAC90E /* TwoTimesArray.h */ = {isa = PBXFileReference; fileEncoding = 4; lastKnownFileType = sourcecode.c.h; path = TwoTimesArray.h; sourceTree = "<group>"; };
		05263E091B987DAA00DAC90E /* TwoTimesArray.m */ = {isa = PBXFileReference; fileEncoding = 4; lastKnownFileType = sourcecode.c.objc; path = TwoTimesArray.m; sourceTree = "<group>"; };
		05263E0B1B98827700DAC90E /* KVCTableViewController.h */ = {isa = PBXFileReference; fileEncoding = 4; lastKnownFileType = sourcecode.c.h; path = KVCTableViewController.h; sourceTree = "<group>"; };
		05263E0C1B98827700DAC90E /* KVCTableViewController.m */ = {isa = PBXFileReference; fileEncoding = 4; lastKnownFileType = sourcecode.c.objc; path = KVCTableViewController.m; sourceTree = "<group>"; };
/* End PBXFileReference section */

/* Begin PBXFrameworksBuildPhase section */
		05263DDC1B987D7400DAC90E /* Frameworks */ = {
			isa = PBXFrameworksBuildPhase;
			buildActionMask = 2147483647;
			files = (
			);
			runOnlyForDeploymentPostprocessing = 0;
		};
		05263DF51B987D7400DAC90E /* Frameworks */ = {
			isa = PBXFrameworksBuildPhase;
			buildActionMask = 2147483647;
			files = (
			);
			runOnlyForDeploymentPostprocessing = 0;
		};
/* End PBXFrameworksBuildPhase section */

/* Begin PBXGroup section */
		05263DD61B987D7400DAC90E = {
			isa = PBXGroup;
			children = (
				05263DE11B987D7400DAC90E /* KVC-Collection */,
				05263DFB1B987D7400DAC90E /* KVC-CollectionTests */,
				05263DE01B987D7400DAC90E /* Products */,
			);
			sourceTree = "<group>";
		};
		05263DE01B987D7400DAC90E /* Products */ = {
			isa = PBXGroup;
			children = (
				05263DDF1B987D7400DAC90E /* KVC-Collection.app */,
				05263DF81B987D7400DAC90E /* KVC-CollectionTests.xctest */,
			);
			name = Products;
			sourceTree = "<group>";
		};
		05263DE11B987D7400DAC90E /* KVC-Collection */ = {
			isa = PBXGroup;
			children = (
				05263DE61B987D7400DAC90E /* AppDelegate.h */,
				05263DE71B987D7400DAC90E /* AppDelegate.m */,
				05263E081B987DAA00DAC90E /* TwoTimesArray.h */,
				05263E091B987DAA00DAC90E /* TwoTimesArray.m */,
				05263E0B1B98827700DAC90E /* KVCTableViewController.h */,
				05263E0C1B98827700DAC90E /* KVCTableViewController.m */,
				05263DE91B987D7400DAC90E /* ViewController.h */,
				05263DEA1B987D7400DAC90E /* ViewController.m */,
				05263DEC1B987D7400DAC90E /* Main.storyboard */,
				05263DEF1B987D7400DAC90E /* Images.xcassets */,
				05263DF11B987D7400DAC90E /* LaunchScreen.xib */,
				05263DE21B987D7400DAC90E /* Supporting Files */,
			);
			path = "KVC-Collection";
			sourceTree = "<group>";
		};
		05263DE21B987D7400DAC90E /* Supporting Files */ = {
			isa = PBXGroup;
			children = (
				05263DE31B987D7400DAC90E /* Info.plist */,
				05263DE41B987D7400DAC90E /* main.m */,
			);
			name = "Supporting Files";
			sourceTree = "<group>";
		};
		05263DFB1B987D7400DAC90E /* KVC-CollectionTests */ = {
			isa = PBXGroup;
			children = (
				05263DFE1B987D7400DAC90E /* KVC_CollectionTests.m */,
				05263DFC1B987D7400DAC90E /* Supporting Files */,
			);
			path = "KVC-CollectionTests";
			sourceTree = "<group>";
		};
		05263DFC1B987D7400DAC90E /* Supporting Files */ = {
			isa = PBXGroup;
			children = (
				05263DFD1B987D7400DAC90E /* Info.plist */,
			);
			name = "Supporting Files";
			sourceTree = "<group>";
		};
/* End PBXGroup section */

/* Begin PBXNativeTarget section */
		05263DDE1B987D7400DAC90E /* KVC-Collection */ = {
			isa = PBXNativeTarget;
			buildConfigurationList = 05263E021B987D7400DAC90E /* Build configuration list for PBXNativeTarget "KVC-Collection" */;
			buildPhases = (
				05263DDB1B987D7400DAC90E /* Sources */,
				05263DDC1B987D7400DAC90E /* Frameworks */,
				05263DDD1B987D7400DAC90E /* Resources */,
			);
			buildRules = (
			);
			dependencies = (
			);
			name = "KVC-Collection";
			productName = "KVC-Collection";
			productReference = 05263DDF1B987D7400DAC90E /* KVC-Collection.app */;
			productType = "com.apple.product-type.application";
		};
		05263DF71B987D7400DAC90E /* KVC-CollectionTests */ = {
			isa = PBXNativeTarget;
			buildConfigurationList = 05263E051B987D7400DAC90E /* Build configuration list for PBXNativeTarget "KVC-CollectionTests" */;
			buildPhases = (
				05263DF41B987D7400DAC90E /* Sources */,
				05263DF51B987D7400DAC90E /* Frameworks */,
				05263DF61B987D7400DAC90E /* Resources */,
			);
			buildRules = (
			);
			dependencies = (
				05263DFA1B987D7400DAC90E /* PBXTargetDependency */,
			);
			name = "KVC-CollectionTests";
			productName = "KVC-CollectionTests";
			productReference = 05263DF81B987D7400DAC90E /* KVC-CollectionTests.xctest */;
			productType = "com.apple.product-type.bundle.unit-test";
		};
/* End PBXNativeTarget section */

/* Begin PBXProject section */
		05263DD71B987D7400DAC90E /* Project object */ = {
			isa = PBXProject;
			attributes = {
				LastUpgradeCheck = 0640;
				ORGANIZATIONNAME = MarkZhang;
				TargetAttributes = {
					05263DDE1B987D7400DAC90E = {
						CreatedOnToolsVersion = 6.4;
					};
					05263DF71B987D7400DAC90E = {
						CreatedOnToolsVersion = 6.4;
						TestTargetID = 05263DDE1B987D7400DAC90E;
					};
				};
			};
			buildConfigurationList = 05263DDA1B987D7400DAC90E /* Build configuration list for PBXProject "KVC-Collection" */;
			compatibilityVersion = "Xcode 3.2";
			developmentRegion = English;
			hasScannedForEncodings = 0;
			knownRegions = (
				en,
				Base,
			);
			mainGroup = 05263DD61B987D7400DAC90E;
			productRefGroup = 05263DE01B987D7400DAC90E /* Products */;
			projectDirPath = "";
			projectRoot = "";
			targets = (
				05263DDE1B987D7400DAC90E /* KVC-Collection */,
				05263DF71B987D7400DAC90E /* KVC-CollectionTests */,
			);
		};
/* End PBXProject section */

/* Begin PBXResourcesBuildPhase section */
		05263DDD1B987D7400DAC90E /* Resources */ = {
			isa = PBXResourcesBuildPhase;
			buildActionMask = 2147483647;
			files = (
				05263DEE1B987D7400DAC90E /* Main.storyboard in Resources */,
				05263DF31B987D7400DAC90E /* LaunchScreen.xib in Resources */,
				05263DF01B987D7400DAC90E /* Images.xcassets in Resources */,
			);
			runOnlyForDeploymentPostprocessing = 0;
		};
		05263DF61B987D7400DAC90E /* Resources */ = {
			isa = PBXResourcesBuildPhase;
			buildActionMask = 2147483647;
			files = (
			);
			runOnlyForDeploymentPostprocessing = 0;
		};
/* End PBXResourcesBuildPhase section */

/* Begin PBXSourcesBuildPhase section */
		05263DDB1B987D7400DAC90E /* Sources */ = {
			isa = PBXSourcesBuildPhase;
			buildActionMask = 2147483647;
			files = (
				05263DEB1B987D7400DAC90E /* ViewController.m in Sources */,
				05263E0A1B987DAA00DAC90E /* TwoTimesArray.m in Sources */,
				05263DE81B987D7400DAC90E /* AppDelegate.m in Sources */,
				05263E0D1B98827700DAC90E /* KVCTableViewController.m in Sources */,
				05263DE51B987D7400DAC90E /* main.m in Sources */,
			);
			runOnlyForDeploymentPostprocessing = 0;
		};
		05263DF41B987D7400DAC90E /* Sources */ = {
			isa = PBXSourcesBuildPhase;
			buildActionMask = 2147483647;
			files = (
				05263DFF1B987D7400DAC90E /* KVC_CollectionTests.m in Sources */,
			);
			runOnlyForDeploymentPostprocessing = 0;
		};
/* End PBXSourcesBuildPhase section */

/* Begin PBXTargetDependency section */
		05263DFA1B987D7400DAC90E /* PBXTargetDependency */ = {
			isa = PBXTargetDependency;
			target = 05263DDE1B987D7400DAC90E /* KVC-Collection */;
			targetProxy = 05263DF91B987D7400DAC90E /* PBXContainerItemProxy */;
		};
/* End PBXTargetDependency section */

/* Begin PBXVariantGroup section */
		05263DEC1B987D7400DAC90E /* Main.storyboard */ = {
			isa = PBXVariantGroup;
			children = (
				05263DED1B987D7400DAC90E /* Base */,
			);
			name = Main.storyboard;
			sourceTree = "<group>";
		};
		05263DF11B987D7400DAC90E /* LaunchScreen.xib */ = {
			isa = PBXVariantGroup;
			children = (
				05263DF21B987D7400DAC90E /* Base */,
			);
			name = LaunchScreen.xib;
			sourceTree = "<group>";
		};
/* End PBXVariantGroup section */

/* Begin XCBuildConfiguration section */
		05263E001B987D7400DAC90E /* Debug */ = {
			isa = XCBuildConfiguration;
			buildSettings = {
				ALWAYS_SEARCH_USER_PATHS = NO;
				CLANG_CXX_LANGUAGE_STANDARD = "gnu++0x";
				CLANG_CXX_LIBRARY = "libc++";
				CLANG_ENABLE_MODULES = YES;
				CLANG_ENABLE_OBJC_ARC = YES;
				CLANG_WARN_BOOL_CONVERSION = YES;
				CLANG_WARN_CONSTANT_CONVERSION = YES;
				CLANG_WARN_DIRECT_OBJC_ISA_USAGE = YES_ERROR;
				CLANG_WARN_EMPTY_BODY = YES;
				CLANG_WARN_ENUM_CONVERSION = YES;
				CLANG_WARN_INT_CONVERSION = YES;
				CLANG_WARN_OBJC_ROOT_CLASS = YES_ERROR;
				CLANG_WARN_UNREACHABLE_CODE = YES;
				CLANG_WARN__DUPLICATE_METHOD_MATCH = YES;
				"CODE_SIGN_IDENTITY[sdk=iphoneos*]" = "iPhone Developer";
				COPY_PHASE_STRIP = NO;
				DEBUG_INFORMATION_FORMAT = "dwarf-with-dsym";
				ENABLE_STRICT_OBJC_MSGSEND = YES;
				GCC_C_LANGUAGE_STANDARD = gnu99;
				GCC_DYNAMIC_NO_PIC = NO;
				GCC_NO_COMMON_BLOCKS = YES;
				GCC_OPTIMIZATION_LEVEL = 0;
				GCC_PREPROCESSOR_DEFINITIONS = (
					"DEBUG=1",
					"$(inherited)",
				);
				GCC_SYMBOLS_PRIVATE_EXTERN = NO;
				GCC_WARN_64_TO_32_BIT_CONVERSION = YES;
				GCC_WARN_ABOUT_RETURN_TYPE = YES_ERROR;
				GCC_WARN_UNDECLARED_SELECTOR = YES;
				GCC_WARN_UNINITIALIZED_AUTOS = YES_AGGRESSIVE;
				GCC_WARN_UNUSED_FUNCTION = YES;
				GCC_WARN_UNUSED_VARIABLE = YES;
				IPHONEOS_DEPLOYMENT_TARGET = 8.4;
				MTL_ENABLE_DEBUG_INFO = YES;
				ONLY_ACTIVE_ARCH = YES;
				SDKROOT = iphoneos;
				TARGETED_DEVICE_FAMILY = "1,2";
			};
			name = Debug;
		};
		05263E011B987D7400DAC90E /* Release */ = {
			isa = XCBuildConfiguration;
			buildSettings = {
				ALWAYS_SEARCH_USER_PATHS = NO;
				CLANG_CXX_LANGUAGE_STANDARD = "gnu++0x";
				CLANG_CXX_LIBRARY = "libc++";
				CLANG_ENABLE_MODULES = YES;
				CLANG_ENABLE_OBJC_ARC = YES;
				CLANG_WARN_BOOL_CONVERSION = YES;
				CLANG_WARN_CONSTANT_CONVERSION = YES;
				CLANG_WARN_DIRECT_OBJC_ISA_USAGE = YES_ERROR;
				CLANG_WARN_EMPTY_BODY = YES;
				CLANG_WARN_ENUM_CONVERSION = YES;
				CLANG_WARN_INT_CONVERSION = YES;
				CLANG_WARN_OBJC_ROOT_CLASS = YES_ERROR;
				CLANG_WARN_UNREACHABLE_CODE = YES;
				CLANG_WARN__DUPLICATE_METHOD_MATCH = YES;
				"CODE_SIGN_IDENTITY[sdk=iphoneos*]" = "iPhone Developer";
				COPY_PHASE_STRIP = NO;
				DEBUG_INFORMATION_FORMAT = "dwarf-with-dsym";
				ENABLE_NS_ASSERTIONS = NO;
				ENABLE_STRICT_OBJC_MSGSEND = YES;
				GCC_C_LANGUAGE_STANDARD = gnu99;
				GCC_NO_COMMON_BLOCKS = YES;
				GCC_WARN_64_TO_32_BIT_CONVERSION = YES;
				GCC_WARN_ABOUT_RETURN_TYPE = YES_ERROR;
				GCC_WARN_UNDECLARED_SELECTOR = YES;
				GCC_WARN_UNINITIALIZED_AUTOS = YES_AGGRESSIVE;
				GCC_WARN_UNUSED_FUNCTION = YES;
				GCC_WARN_UNUSED_VARIABLE = YES;
				IPHONEOS_DEPLOYMENT_TARGET = 8.4;
				MTL_ENABLE_DEBUG_INFO = NO;
				SDKROOT = iphoneos;
				TARGETED_DEVICE_FAMILY = "1,2";
				VALIDATE_PRODUCT = YES;
			};
			name = Release;
		};
		05263E031B987D7400DAC90E /* Debug */ = {
			isa = XCBuildConfiguration;
			buildSettings = {
				ASSETCATALOG_COMPILER_APPICON_NAME = AppIcon;
				INFOPLIST_FILE = "KVC-Collection/Info.plist";
				LD_RUNPATH_SEARCH_PATHS = "$(inherited) @executable_path/Frameworks";
				PRODUCT_NAME = "$(TARGET_NAME)";
			};
			name = Debug;
		};
		05263E041B987D7400DAC90E /* Release */ = {
			isa = XCBuildConfiguration;
			buildSettings = {
				ASSETCATALOG_COMPILER_APPICON_NAME = AppIcon;
				INFOPLIST_FILE = "KVC-Collection/Info.plist";
				LD_RUNPATH_SEARCH_PATHS = "$(inherited) @executable_path/Frameworks";
				PRODUCT_NAME = "$(TARGET_NAME)";
			};
			name = Release;
		};
		05263E061B987D7400DAC90E /* Debug */ = {
			isa = XCBuildConfiguration;
			buildSettings = {
				BUNDLE_LOADER = "$(TEST_HOST)";
				FRAMEWORK_SEARCH_PATHS = (
					"$(SDKROOT)/Developer/Library/Frameworks",
					"$(inherited)",
				);
				GCC_PREPROCESSOR_DEFINITIONS = (
					"DEBUG=1",
					"$(inherited)",
				);
				INFOPLIST_FILE = "KVC-CollectionTests/Info.plist";
				LD_RUNPATH_SEARCH_PATHS = "$(inherited) @executable_path/Frameworks @loader_path/Frameworks";
				PRODUCT_NAME = "$(TARGET_NAME)";
				TEST_HOST = "$(BUILT_PRODUCTS_DIR)/KVC-Collection.app/KVC-Collection";
			};
			name = Debug;
		};
		05263E071B987D7400DAC90E /* Release */ = {
			isa = XCBuildConfiguration;
			buildSettings = {
				BUNDLE_LOADER = "$(TEST_HOST)";
				FRAMEWORK_SEARCH_PATHS = (
					"$(SDKROOT)/Developer/Library/Frameworks",
					"$(inherited)",
				);
				INFOPLIST_FILE = "KVC-CollectionTests/Info.plist";
				LD_RUNPATH_SEARCH_PATHS = "$(inherited) @executable_path/Frameworks @loader_path/Frameworks";
				PRODUCT_NAME = "$(TARGET_NAME)";
				TEST_HOST = "$(BUILT_PRODUCTS_DIR)/KVC-Collection.app/KVC-Collection";
			};
			name = Release;
		};
/* End XCBuildConfiguration section */

/* Begin XCConfigurationList section */
		05263DDA1B987D7400DAC90E /* Build configuration list for PBXProject "KVC-Collection" */ = {
			isa = XCConfigurationList;
			buildConfigurations = (
				05263E001B987D7400DAC90E /* Debug */,
				05263E011B987D7400DAC90E /* Release */,
			);
			defaultConfigurationIsVisible = 0;
			defaultConfigurationName = Release;
		};
		05263E021B987D7400DAC90E /* Build configuration list for PBXNativeTarget "KVC-Collection" */ = {
			isa = XCConfigurationList;
			buildConfigurations = (
				05263E031B987D7400DAC90E /* Debug */,
				05263E041B987D7400DAC90E /* Release */,
			);
			defaultConfigurationIsVisible = 0;
		};
		05263E051B987D7400DAC90E /* Build configuration list for PBXNativeTarget "KVC-CollectionTests" */ = {
			isa = XCConfigurationList;
			buildConfigurations = (
				05263E061B987D7400DAC90E /* Debug */,
				05263E071B987D7400DAC90E /* Release */,
			);
			defaultConfigurationIsVisible = 0;
		};
/* End XCConfigurationList section */
	};
	rootObject = 05263DD71B987D7400DAC90E /* Project object */;
}
